<?xml version="1.0" encoding="UTF-8"?>
<Scheme LastUpgradeVersion="2660" version="1.7">
 <BuildAction parallelizeBuildables="YES" buildImplicitDependencies="YES"><BuildActionEntries><BuildActionEntry buildForTesting="YES" buildForRunning="YES" buildForProfiling="YES" buildForArchiving="NO" buildForAnalyzing="YES"><BuildableReference BuildableIdentifier="primary" BlueprintIdentifier="7441B446305617DC007026EB" BuildableName="Juggle Dude.app" BlueprintName="kicklab" ReferencedContainer="container:kicklab.xcodeproj"/></BuildActionEntry></BuildActionEntries></BuildAction>
 <TestAction buildConfiguration="Debug" selectedDebuggerIdentifier="Xcode.DebuggerFoundation.Debugger.LLDB" selectedLauncherIdentifier="Xcode.IDEFoundation.Launcher.LLDB" shouldUseLaunchSchemeArgsEnv="YES"><MacroExpansion><BuildableReference BuildableIdentifier="primary" BlueprintIdentifier="7441B446305617DC007026EB" BuildableName="Juggle Dude.app" BlueprintName="kicklab" ReferencedContainer="container:kicklab.xcodeproj"/></MacroExpansion><Testables><TestableReference skipped="NO"><BuildableReference BuildableIdentifier="primary" BlueprintIdentifier="7441B455305617DD007026EB" BuildableName="kicklabTests.xctest" BlueprintName="kicklabTests" ReferencedContainer="container:kicklab.xcodeproj"/></TestableReference><TestableReference skipped="NO"><BuildableReference BuildableIdentifier="primary" BlueprintIdentifier="7441B45F305617DE007026EB" BuildableName="kicklabUITests.xctest" BlueprintName="kicklabUITests" ReferencedContainer="container:kicklab.xcodeproj"/></TestableReference></Testables></TestAction>
 <LaunchAction buildConfiguration="Debug" selectedDebuggerIdentifier="Xcode.DebuggerFoundation.Debugger.LLDB" selectedLauncherIdentifier="Xcode.IDEFoundation.Launcher.LLDB" launchStyle="0" useCustomWorkingDirectory="NO" ignoresPersistentStateOnLaunch="NO" debugDocumentVersioning="YES" debugServiceExtension="internal" allowLocationSimulation="YES"><BuildableProductRunnable runnableDebuggingMode="0"><BuildableReference BuildableIdentifier="primary" BlueprintIdentifier="7441B446305617DC007026EB" BuildableName="Juggle Dude.app" BlueprintName="kicklab" ReferencedContainer="container:kicklab.xcodeproj"/></BuildableProductRunnable><StoreKitConfigurationFileReference identifier="../../kicklabTests/JuggleDude.storekit"/></LaunchAction>
 <ProfileAction buildConfiguration="Release" shouldUseLaunchSchemeArgsEnv="YES" savedToolIdentifier="" useCustomWorkingDirectory="NO" debugDocumentVersioning="YES"><BuildableProductRunnable runnableDebuggingMode="0"><BuildableReference BuildableIdentifier="primary" BlueprintIdentifier="7441B446305617DC007026EB" BuildableName="Juggle Dude.app" BlueprintName="kicklab" ReferencedContainer="container:kicklab.xcodeproj"/></BuildableProductRunnable></ProfileAction>
 <AnalyzeAction buildConfiguration="Debug"/>
 <ArchiveAction buildConfiguration="Release" revealArchiveInOrganizer="YES"/>
</Scheme>
